{
  "name": "pedalboard2",
  "version": "1.0.0",
  "lockfileVersion": 3,
  "requires": true,
  "packages": {
    "": {
      "name": "pedalboard2",
      "version": "1.0.0",
      "license": "ISC",
      "dependencies": {
        "pedalboard2": "file:"
      },
      "bin": {
        "pedalboard2": "bin/main.js"
      }
    },
    "node_modules/pedalboard2": {
      "resolved": "",
      "link": true
    },
    "static/webaudiomodules": {
      "extraneous": true
    }
  }
}
